
Microsoft Visual Studio Solution File, Format Version 12.00
# Visual Studio Version 17
VisualStudioVersion = 17.6.33829.357
MinimumVisualStudioVersion = 10.0.40219.1
Project("{FAE04EC0-301F-11D3-BF4B-00C04F79EFBC}") = "FIT_5032MyViewModel", "FIT_5032MyViewModel\FIT_5032MyViewModel.csproj", "{DDC8797E-15D7-47E9-AB1B-564AC6D0046A}"
EndProject
Project("{FAE04EC0-301F-11D3-BF4B-00C04F79EFBC}") = "FIT_5032MyViewModel.Tests", "FIT_5032MyViewModel.Tests\FIT_5032MyViewModel.Tests.csproj", "{606AC590-55DC-4E76-AF96-B4586F6839B1}"
EndProject
Global
	GlobalSection(SolutionConfigurationPlatforms) = preSolution
		Debug|Any CPU = Debug|Any CPU
		Release|Any CPU = Release|Any CPU
	EndGlobalSection
	GlobalSection(ProjectConfigurationPlatforms) = postSolution
		{DDC8797E-15D7-47E9-AB1B-564AC6D0046A}.Debug|Any CPU.ActiveCfg = Debug|Any CPU
		{DDC8797E-15D7-47E9-AB1B-564AC6D0046A}.Debug|Any CPU.Build.0 = Debug|Any CPU
		{DDC8797E-15D7-47E9-AB1B-564AC6D0046A}.Release|Any CPU.ActiveCfg = Release|Any CPU
		{DDC8797E-15D7-47E9-AB1B-564AC6D0046A}.Release|Any CPU.Build.0 = Release|Any CPU
		{606AC590-55DC-4E76-AF96-B4586F6839B1}.Debug|Any CPU.ActiveCfg = Debug|Any CPU
		{606AC590-55DC-4E76-AF96-B4586F6839B1}.Debug|Any CPU.Build.0 = Debug|Any CPU
		{606AC590-55DC-4E76-AF96-B4586F6839B1}.Release|Any CPU.ActiveCfg = Release|Any CPU
		{606AC590-55DC-4E76-AF96-B4586F6839B1}.Release|Any CPU.Build.0 = Release|Any CPU
	EndGlobalSection
	GlobalSection(SolutionProperties) = preSolution
		HideSolutionNode = FALSE
	EndGlobalSection
	GlobalSection(ExtensibilityGlobals) = postSolution
		SolutionGuid = {A9D705D3-1671-4E13-98AB-E11B8A74A5FD}
	EndGlobalSection
EndGlobal
