
Microsoft Visual Studio Solution File, Format Version 12.00
# Visual Studio Version 17
VisualStudioVersion = 17.6.33829.357
MinimumVisualStudioVersion = 10.0.40219.1
Project("{FAE04EC0-301F-11D3-BF4B-00C04F79EFBC}") = "FIT5032_MyFirstApplication", "FIT5032_MyFirstApplication\FIT5032_MyFirstApplication.csproj", "{283A8BEA-98B1-4F6C-8CFC-7D38FB1F2838}"
EndProject
Project("{FAE04EC0-301F-11D3-BF4B-00C04F79EFBC}") = "FIT5032_MyFirstApplication.Tests", "FIT5032_MyFirstApplication.Tests\FIT5032_MyFirstApplication.Tests.csproj", "{56533937-13A7-4613-9D37-B4FD329CBDA5}"
EndProject
Global
	GlobalSection(SolutionConfigurationPlatforms) = preSolution
		Debug|Any CPU = Debug|Any CPU
		Release|Any CPU = Release|Any CPU
	EndGlobalSection
	GlobalSection(ProjectConfigurationPlatforms) = postSolution
		{283A8BEA-98B1-4F6C-8CFC-7D38FB1F2838}.Debug|Any CPU.ActiveCfg = Debug|Any CPU
		{283A8BEA-98B1-4F6C-8CFC-7D38FB1F2838}.Debug|Any CPU.Build.0 = Debug|Any CPU
		{283A8BEA-98B1-4F6C-8CFC-7D38FB1F2838}.Release|Any CPU.ActiveCfg = Release|Any CPU
		{283A8BEA-98B1-4F6C-8CFC-7D38FB1F2838}.Release|Any CPU.Build.0 = Release|Any CPU
		{56533937-13A7-4613-9D37-B4FD329CBDA5}.Debug|Any CPU.ActiveCfg = Debug|Any CPU
		{56533937-13A7-4613-9D37-B4FD329CBDA5}.Debug|Any CPU.Build.0 = Debug|Any CPU
		{56533937-13A7-4613-9D37-B4FD329CBDA5}.Release|Any CPU.ActiveCfg = Release|Any CPU
		{56533937-13A7-4613-9D37-B4FD329CBDA5}.Release|Any CPU.Build.0 = Release|Any CPU
	EndGlobalSection
	GlobalSection(SolutionProperties) = preSolution
		HideSolutionNode = FALSE
	EndGlobalSection
	GlobalSection(ExtensibilityGlobals) = postSolution
		SolutionGuid = {BCE0C5C6-31EE-47DD-A1DC-34FD07CE2783}
	EndGlobalSection
EndGlobal
